github.com/TheBoringDude/go-urljoin v0.0.0-20210619071347-4d8e4665ac54 h1:aWZw6dl035nPAHFcxuTYvHRCj6ga0jshwkhibkME9CU=
github.com/TheBoringDude/go-urljoin v0.0.0-20210619071347-4d8e4665ac54/go.mod h1:mR5zwmQT9QukYmBx5VLGEpbOVtfZr8Oh0Nl74QphRLg=
github.com/TheBoringDude/go-urljoin v0.0.0-20210915051633-a34cd1bd9546 h1:AFzaQr5IGwfurXKokhPzim4/5jyrup09CBYzdwt6Qtw=
github.com/TheBoringDude/go-urljoin v0.0.0-20210915051633-a34cd1bd9546/go.mod h1:mR5zwmQT9QukYmBx5VLGEpbOVtfZr8Oh0Nl74QphRLg=
